
Microsoft Visual Studio Solution File, Format Version 12.00
# Visual Studio Version 16
VisualStudioVersion = 16.0.30907.101
MinimumVisualStudioVersion = 10.0.40219.1
Project("{FAE04EC0-301F-11D3-BF4B-00C04F79EFBC}") = "DataAccess", "DataAccess\DataAccess.csproj", "{1C626541-199A-439F-90FE-AC53C645A523}"
EndProject
Project("{FAE04EC0-301F-11D3-BF4B-00C04F79EFBC}") = "Business", "Business\Business.csproj", "{F98D20CE-5C64-4950-926E-AE32ED1BA706}"
EndProject
Project("{FAE04EC0-301F-11D3-BF4B-00C04F79EFBC}") = "Entities", "Entities\Entities.csproj", "{1606C71F-4986-467F-A01A-595AC7FAAD1B}"
EndProject
Project("{FAE04EC0-301F-11D3-BF4B-00C04F79EFBC}") = "ConseleUI", "ConseleUI\ConseleUI.csproj", "{630F7D61-B8D9-401B-8981-C13DF4246B7B}"
EndProject
Global
	GlobalSection(SolutionConfigurationPlatforms) = preSolution
		Debug|Any CPU = Debug|Any CPU
		Release|Any CPU = Release|Any CPU
	EndGlobalSection
	GlobalSection(ProjectConfigurationPlatforms) = postSolution
		{1C626541-199A-439F-90FE-AC53C645A523}.Debug|Any CPU.ActiveCfg = Debug|Any CPU
		{1C626541-199A-439F-90FE-AC53C645A523}.Debug|Any CPU.Build.0 = Debug|Any CPU
		{1C626541-199A-439F-90FE-AC53C645A523}.Release|Any CPU.ActiveCfg = Release|Any CPU
		{1C626541-199A-439F-90FE-AC53C645A523}.Release|Any CPU.Build.0 = Release|Any CPU
		{F98D20CE-5C64-4950-926E-AE32ED1BA706}.Debug|Any CPU.ActiveCfg = Debug|Any CPU
		{F98D20CE-5C64-4950-926E-AE32ED1BA706}.Debug|Any CPU.Build.0 = Debug|Any CPU
		{F98D20CE-5C64-4950-926E-AE32ED1BA706}.Release|Any CPU.ActiveCfg = Release|Any CPU
		{F98D20CE-5C64-4950-926E-AE32ED1BA706}.Release|Any CPU.Build.0 = Release|Any CPU
		{1606C71F-4986-467F-A01A-595AC7FAAD1B}.Debug|Any CPU.ActiveCfg = Debug|Any CPU
		{1606C71F-4986-467F-A01A-595AC7FAAD1B}.Debug|Any CPU.Build.0 = Debug|Any CPU
		{1606C71F-4986-467F-A01A-595AC7FAAD1B}.Release|Any CPU.ActiveCfg = Release|Any CPU
		{1606C71F-4986-467F-A01A-595AC7FAAD1B}.Release|Any CPU.Build.0 = Release|Any CPU
		{630F7D61-B8D9-401B-8981-C13DF4246B7B}.Debug|Any CPU.ActiveCfg = Debug|Any CPU
		{630F7D61-B8D9-401B-8981-C13DF4246B7B}.Debug|Any CPU.Build.0 = Debug|Any CPU
		{630F7D61-B8D9-401B-8981-C13DF4246B7B}.Release|Any CPU.ActiveCfg = Release|Any CPU
		{630F7D61-B8D9-401B-8981-C13DF4246B7B}.Release|Any CPU.Build.0 = Release|Any CPU
	EndGlobalSection
	GlobalSection(SolutionProperties) = preSolution
		HideSolutionNode = FALSE
	EndGlobalSection
	GlobalSection(ExtensibilityGlobals) = postSolution
		SolutionGuid = {B0C69DCB-3422-4895-9E4F-A60394EB8828}
	EndGlobalSection
EndGlobal
